
Microsoft Visual Studio Solution File, Format Version 12.00
# Visual Studio Express 2012 for Windows Desktop
Project("{FAE04EC0-301F-11D3-BF4B-00C04F79EFBC}") = "TTRssApi", "TTRssApi\TTRssApi.csproj", "{2A7DE0C7-152F-42ED-8C54-F741A307BAB1}"
EndProject
Project("{FAE04EC0-301F-11D3-BF4B-00C04F79EFBC}") = "TTRssApiTest", "TTRssApiTest\TTRssApiTest.csproj", "{13E865A1-002B-4AAD-9223-5C3A3BCE00E0}"
EndProject
Global
	GlobalSection(SolutionConfigurationPlatforms) = preSolution
		Debug|Any CPU = Debug|Any CPU
		Release|Any CPU = Release|Any CPU
	EndGlobalSection
	GlobalSection(ProjectConfigurationPlatforms) = postSolution
		{2A7DE0C7-152F-42ED-8C54-F741A307BAB1}.Debug|Any CPU.ActiveCfg = Debug|Any CPU
		{2A7DE0C7-152F-42ED-8C54-F741A307BAB1}.Debug|Any CPU.Build.0 = Debug|Any CPU
		{2A7DE0C7-152F-42ED-8C54-F741A307BAB1}.Release|Any CPU.ActiveCfg = Release|Any CPU
		{2A7DE0C7-152F-42ED-8C54-F741A307BAB1}.Release|Any CPU.Build.0 = Release|Any CPU
		{13E865A1-002B-4AAD-9223-5C3A3BCE00E0}.Debug|Any CPU.ActiveCfg = Debug|Any CPU
		{13E865A1-002B-4AAD-9223-5C3A3BCE00E0}.Debug|Any CPU.Build.0 = Debug|Any CPU
		{13E865A1-002B-4AAD-9223-5C3A3BCE00E0}.Release|Any CPU.ActiveCfg = Release|Any CPU
		{13E865A1-002B-4AAD-9223-5C3A3BCE00E0}.Release|Any CPU.Build.0 = Release|Any CPU
	EndGlobalSection
	GlobalSection(SolutionProperties) = preSolution
		HideSolutionNode = FALSE
	EndGlobalSection
EndGlobal
